
Microsoft Visual Studio Solution File, Format Version 12.00
# Visual Studio Version 17
VisualStudioVersion = 17.14.36203.30
MinimumVisualStudioVersion = 10.0.40219.1
Project("{FAE04EC0-301F-11D3-BF4B-00C04F79EFBC}") = "Ariadne.UI", "Ariadne.UI\Ariadne.UI.csproj", "{8FE13A58-0F21-4940-8701-9EB9DBAFE7DC}"
EndProject
Project("{FAE04EC0-301F-11D3-BF4B-00C04F79EFBC}") = "CascadePass.Core.UI", "CascadePass.Core.UI\CascadePass.Core.UI.csproj", "{A1689C0E-2EC6-4248-95CF-EC923A930309}"
EndProject
Project("{FAE04EC0-301F-11D3-BF4B-00C04F79EFBC}") = "Ariadne.Core", "Ariadne.Core\Ariadne.Core.csproj", "{29DE6A9E-B43D-48A6-A40A-3370F26C0F2C}"
EndProject
Project("{FAE04EC0-301F-11D3-BF4B-00C04F79EFBC}") = "Ariadne.UI.Tests", "Ariadne.UI.Tests\Ariadne.UI.Tests.csproj", "{31FEC45A-4F96-463E-81C4-76C6154974A5}"
EndProject
Project("{FAE04EC0-301F-11D3-BF4B-00C04F79EFBC}") = "CascadePass.Core.UI.Tests", "CascadePass.Core.UI.Tests\CascadePass.Core.UI.Tests.csproj", "{32DE15F9-91BB-44DF-8C02-B80EE33E46C5}"
EndProject
Project("{FAE04EC0-301F-11D3-BF4B-00C04F79EFBC}") = "Ariadne.Core.Tests", "Ariadne.Core.Tests\Ariadne.Core.Tests.csproj", "{559197A5-ACD0-4595-A357-F308277399C0}"
EndProject
Project("{FAE04EC0-301F-11D3-BF4B-00C04F79EFBC}") = "Ariadne.Feature.ColumnFinder", "Ariadne.Feature.ColumnFinder\Ariadne.Feature.ColumnFinder.csproj", "{6303F822-91FD-C3D3-5303-684F168EEFB8}"
EndProject
Project("{FAE04EC0-301F-11D3-BF4B-00C04F79EFBC}") = "Ariadne.Framework", "Ariadne.Framework\Ariadne.Framework.csproj", "{D5DC651E-6D8C-4B69-A3B1-16066F134D76}"
EndProject
Project("{FAE04EC0-301F-11D3-BF4B-00C04F79EFBC}") = "CascadePass.Core.Sql", "CascadePass.Core.Sql\CascadePass.Core.Sql.csproj", "{CADAE547-F86B-496E-8EA7-3826170E0E10}"
EndProject
Project("{FAE04EC0-301F-11D3-BF4B-00C04F79EFBC}") = "CascadePass.Core.Tests", "CascadePass.Core.Tests\CascadePass.Core.Tests.csproj", "{55B09CBA-8EE2-4055-983D-4111BE260CFF}"
EndProject
Global
	GlobalSection(SolutionConfigurationPlatforms) = preSolution
		Debug|Any CPU = Debug|Any CPU
		Release|Any CPU = Release|Any CPU
	EndGlobalSection
	GlobalSection(ProjectConfigurationPlatforms) = postSolution
		{8FE13A58-0F21-4940-8701-9EB9DBAFE7DC}.Debug|Any CPU.ActiveCfg = Debug|Any CPU
		{8FE13A58-0F21-4940-8701-9EB9DBAFE7DC}.Debug|Any CPU.Build.0 = Debug|Any CPU
		{8FE13A58-0F21-4940-8701-9EB9DBAFE7DC}.Release|Any CPU.ActiveCfg = Release|Any CPU
		{8FE13A58-0F21-4940-8701-9EB9DBAFE7DC}.Release|Any CPU.Build.0 = Release|Any CPU
		{A1689C0E-2EC6-4248-95CF-EC923A930309}.Debug|Any CPU.ActiveCfg = Debug|Any CPU
		{A1689C0E-2EC6-4248-95CF-EC923A930309}.Debug|Any CPU.Build.0 = Debug|Any CPU
		{A1689C0E-2EC6-4248-95CF-EC923A930309}.Release|Any CPU.ActiveCfg = Release|Any CPU
		{A1689C0E-2EC6-4248-95CF-EC923A930309}.Release|Any CPU.Build.0 = Release|Any CPU
		{29DE6A9E-B43D-48A6-A40A-3370F26C0F2C}.Debug|Any CPU.ActiveCfg = Debug|Any CPU
		{29DE6A9E-B43D-48A6-A40A-3370F26C0F2C}.Debug|Any CPU.Build.0 = Debug|Any CPU
		{29DE6A9E-B43D-48A6-A40A-3370F26C0F2C}.Release|Any CPU.ActiveCfg = Release|Any CPU
		{29DE6A9E-B43D-48A6-A40A-3370F26C0F2C}.Release|Any CPU.Build.0 = Release|Any CPU
		{31FEC45A-4F96-463E-81C4-76C6154974A5}.Debug|Any CPU.ActiveCfg = Debug|Any CPU
		{31FEC45A-4F96-463E-81C4-76C6154974A5}.Debug|Any CPU.Build.0 = Debug|Any CPU
		{31FEC45A-4F96-463E-81C4-76C6154974A5}.Release|Any CPU.ActiveCfg = Release|Any CPU
		{31FEC45A-4F96-463E-81C4-76C6154974A5}.Release|Any CPU.Build.0 = Release|Any CPU
		{32DE15F9-91BB-44DF-8C02-B80EE33E46C5}.Debug|Any CPU.ActiveCfg = Debug|Any CPU
		{32DE15F9-91BB-44DF-8C02-B80EE33E46C5}.Debug|Any CPU.Build.0 = Debug|Any CPU
		{32DE15F9-91BB-44DF-8C02-B80EE33E46C5}.Release|Any CPU.ActiveCfg = Release|Any CPU
		{32DE15F9-91BB-44DF-8C02-B80EE33E46C5}.Release|Any CPU.Build.0 = Release|Any CPU
		{559197A5-ACD0-4595-A357-F308277399C0}.Debug|Any CPU.ActiveCfg = Debug|Any CPU
		{559197A5-ACD0-4595-A357-F308277399C0}.Debug|Any CPU.Build.0 = Debug|Any CPU
		{559197A5-ACD0-4595-A357-F308277399C0}.Release|Any CPU.ActiveCfg = Release|Any CPU
		{559197A5-ACD0-4595-A357-F308277399C0}.Release|Any CPU.Build.0 = Release|Any CPU
		{6303F822-91FD-C3D3-5303-684F168EEFB8}.Debug|Any CPU.ActiveCfg = Debug|Any CPU
		{6303F822-91FD-C3D3-5303-684F168EEFB8}.Debug|Any CPU.Build.0 = Debug|Any CPU
		{6303F822-91FD-C3D3-5303-684F168EEFB8}.Release|Any CPU.ActiveCfg = Release|Any CPU
		{6303F822-91FD-C3D3-5303-684F168EEFB8}.Release|Any CPU.Build.0 = Release|Any CPU
		{D5DC651E-6D8C-4B69-A3B1-16066F134D76}.Debug|Any CPU.ActiveCfg = Debug|Any CPU
		{D5DC651E-6D8C-4B69-A3B1-16066F134D76}.Debug|Any CPU.Build.0 = Debug|Any CPU
		{D5DC651E-6D8C-4B69-A3B1-16066F134D76}.Release|Any CPU.ActiveCfg = Release|Any CPU
		{D5DC651E-6D8C-4B69-A3B1-16066F134D76}.Release|Any CPU.Build.0 = Release|Any CPU
		{CADAE547-F86B-496E-8EA7-3826170E0E10}.Debug|Any CPU.ActiveCfg = Debug|Any CPU
		{CADAE547-F86B-496E-8EA7-3826170E0E10}.Debug|Any CPU.Build.0 = Debug|Any CPU
		{CADAE547-F86B-496E-8EA7-3826170E0E10}.Release|Any CPU.ActiveCfg = Release|Any CPU
		{CADAE547-F86B-496E-8EA7-3826170E0E10}.Release|Any CPU.Build.0 = Release|Any CPU
		{55B09CBA-8EE2-4055-983D-4111BE260CFF}.Debug|Any CPU.ActiveCfg = Debug|Any CPU
		{55B09CBA-8EE2-4055-983D-4111BE260CFF}.Debug|Any CPU.Build.0 = Debug|Any CPU
		{55B09CBA-8EE2-4055-983D-4111BE260CFF}.Release|Any CPU.ActiveCfg = Release|Any CPU
		{55B09CBA-8EE2-4055-983D-4111BE260CFF}.Release|Any CPU.Build.0 = Release|Any CPU
	EndGlobalSection
	GlobalSection(SolutionProperties) = preSolution
		HideSolutionNode = FALSE
	EndGlobalSection
	GlobalSection(ExtensibilityGlobals) = postSolution
		SolutionGuid = {B8973675-33C3-4CD0-9D89-BD476812B37D}
	EndGlobalSection
EndGlobal
